
Microsoft Visual Studio Solution File, Format Version 12.00
# Visual Studio 15
VisualStudioVersion = 15.0.28010.2016
MinimumVisualStudioVersion = 10.0.40219.1
Project("{8BC9CEB8-8B4A-11D0-8D11-00A0C91BC942}") = "microsip", "microsip.vcxproj", "{BB46A3FD-3E25-44BF-9DED-36A8E838A095}"
EndProject
Global
	GlobalSection(SolutionConfigurationPlatforms) = preSolution
		Debug|x64 = Debug|x64
		Debug|x86 = Debug|x86
		Release|x64 = Release|x64
		Release|x86 = Release|x86
	EndGlobalSection
	GlobalSection(ProjectConfigurationPlatforms) = postSolution
		{BB46A3FD-3E25-44BF-9DED-36A8E838A095}.Debug|x64.ActiveCfg = Debug|x64
		{BB46A3FD-3E25-44BF-9DED-36A8E838A095}.Debug|x64.Build.0 = Debug|x64
		{BB46A3FD-3E25-44BF-9DED-36A8E838A095}.Debug|x86.ActiveCfg = Debug|Win32
		{BB46A3FD-3E25-44BF-9DED-36A8E838A095}.Debug|x86.Build.0 = Debug|Win32
		{BB46A3FD-3E25-44BF-9DED-36A8E838A095}.Release|x64.ActiveCfg = Release|x64
		{BB46A3FD-3E25-44BF-9DED-36A8E838A095}.Release|x64.Build.0 = Release|x64
		{BB46A3FD-3E25-44BF-9DED-36A8E838A095}.Release|x86.ActiveCfg = Release|Win32
		{BB46A3FD-3E25-44BF-9DED-36A8E838A095}.Release|x86.Build.0 = Release|Win32
	EndGlobalSection
	GlobalSection(SolutionProperties) = preSolution
		HideSolutionNode = FALSE
	EndGlobalSection
	GlobalSection(ExtensibilityGlobals) = postSolution
		SolutionGuid = {CCE4321F-0B12-4461-97F2-3AA124EAB3F1}
	EndGlobalSection
EndGlobal
